
Microsoft Visual Studio Solution File, Format Version 12.00
# Visual Studio Version 16
VisualStudioVersion = 16.0.31911.196
MinimumVisualStudioVersion = 10.0.40219.1
Project("{8BC9CEB8-8B4A-11D0-8D11-00A0C91BC942}") = "7LabRab1", "7LabRab1\7LabRab1.vcxproj", "{FBDA895E-4F6E-46BB-8B09-EE7C6795B887}"
EndProject
Project("{8BC9CEB8-8B4A-11D0-8D11-00A0C91BC942}") = "7LabRab1v2", "7LabRab1v2\7LabRab1v2.vcxproj", "{A9173E66-AF4A-4150-8FE7-809E0AEFAE98}"
EndProject
Project("{8BC9CEB8-8B4A-11D0-8D11-00A0C91BC942}") = "7LabRab2", "7LabRab2\7LabRab2.vcxproj", "{C912A785-EFBA-4576-82D3-7659565F6FC4}"
EndProject
Project("{8BC9CEB8-8B4A-11D0-8D11-00A0C91BC942}") = "7LabRab3", "7LabRab3\7LabRab3.vcxproj", "{9DE63F7F-A114-48E4-A424-55C615E42127}"
EndProject
Project("{8BC9CEB8-8B4A-11D0-8D11-00A0C91BC942}") = "7LabRab4", "7LabRab4\7LabRab4.vcxproj", "{89FA7D45-C3D3-4E6F-A938-C30079D2252F}"
EndProject
Project("{8BC9CEB8-8B4A-11D0-8D11-00A0C91BC942}") = "7LabRab5", "7LabRab5\7LabRab5.vcxproj", "{7BF77691-59EB-4337-8A9A-B9D374E8347A}"
EndProject
Project("{8BC9CEB8-8B4A-11D0-8D11-00A0C91BC942}") = "7LabRab6", "7LabRab6\7LabRab6.vcxproj", "{FC0D4FDF-FB6B-4645-947D-7704EB2EB64A}"
EndProject
Project("{8BC9CEB8-8B4A-11D0-8D11-00A0C91BC942}") = "7LabRab7", "7LabRab7\7LabRab7.vcxproj", "{E6E7FF96-0104-4B2A-9E6A-3A3ACDABF8DE}"
EndProject
Project("{8BC9CEB8-8B4A-11D0-8D11-00A0C91BC942}") = "7LabRab8", "7LabRab8\7LabRab8.vcxproj", "{52AC98F8-30C3-4624-8A82-31C2E3715EF4}"
EndProject
Project("{8BC9CEB8-8B4A-11D0-8D11-00A0C91BC942}") = "7LabRab8v2", "7LabRabv2\7LabRabv2.vcxproj", "{AA13BF75-64DB-4BFF-84C7-458421674806}"
EndProject
Project("{8BC9CEB8-8B4A-11D0-8D11-00A0C91BC942}") = "7LabRab9", "7LabRab9\7LabRab9.vcxproj", "{FEF34C7B-3D50-444E-AF24-D0EE8D94A800}"
EndProject
Project("{8BC9CEB8-8B4A-11D0-8D11-00A0C91BC942}") = "7LabRab10", "7LabRab10\7LabRab10.vcxproj", "{2DF86D32-DE6F-42FF-9C8C-CFEDBFB2B141}"
EndProject
Project("{8BC9CEB8-8B4A-11D0-8D11-00A0C91BC942}") = "888", "888\888.vcxproj", "{8999017B-E4FD-4C3B-9C55-98789A0096E6}"
EndProject
Project("{8BC9CEB8-8B4A-11D0-8D11-00A0C91BC942}") = "Sample-Test1", "Sample-Test1\Sample-Test1.vcxproj", "{4B17B473-E0F2-478F-8AEC-C56E10FD696B}"
EndProject
Project("{8BC9CEB8-8B4A-11D0-8D11-00A0C91BC942}") = "Sample-Test1v2", "Sample-Test1v2\Sample-Test1v2.vcxproj", "{C175F8D6-647A-42AD-B90F-BBD8A95612E1}"
EndProject
Project("{8BC9CEB8-8B4A-11D0-8D11-00A0C91BC942}") = "Sample-Test4", "Sample-Test4\Sample-Test4.vcxproj", "{4ED2A703-3269-4041-8C8A-4D27896F8E58}"
EndProject
Project("{8BC9CEB8-8B4A-11D0-8D11-00A0C91BC942}") = "Sample-Test7", "Sample-Test7\Sample-Test7.vcxproj", "{4BF0DD85-038F-419E-8E39-59F386310BB6}"
EndProject
Project("{8BC9CEB8-8B4A-11D0-8D11-00A0C91BC942}") = "Sample-Test8", "Sample-Test8\Sample-Test8.vcxproj", "{B335642B-8CBB-4382-8FA5-6D1A2A430AF3}"
EndProject
Global
	GlobalSection(SolutionConfigurationPlatforms) = preSolution
		Debug|x64 = Debug|x64
		Debug|x86 = Debug|x86
		Release|x64 = Release|x64
		Release|x86 = Release|x86
	EndGlobalSection
	GlobalSection(ProjectConfigurationPlatforms) = postSolution
		{FBDA895E-4F6E-46BB-8B09-EE7C6795B887}.Debug|x64.ActiveCfg = Debug|x64
		{FBDA895E-4F6E-46BB-8B09-EE7C6795B887}.Debug|x64.Build.0 = Debug|x64
		{FBDA895E-4F6E-46BB-8B09-EE7C6795B887}.Debug|x86.ActiveCfg = Debug|Win32
		{FBDA895E-4F6E-46BB-8B09-EE7C6795B887}.Debug|x86.Build.0 = Debug|Win32
		{FBDA895E-4F6E-46BB-8B09-EE7C6795B887}.Release|x64.ActiveCfg = Release|x64
		{FBDA895E-4F6E-46BB-8B09-EE7C6795B887}.Release|x64.Build.0 = Release|x64
		{FBDA895E-4F6E-46BB-8B09-EE7C6795B887}.Release|x86.ActiveCfg = Release|Win32
		{FBDA895E-4F6E-46BB-8B09-EE7C6795B887}.Release|x86.Build.0 = Release|Win32
		{A9173E66-AF4A-4150-8FE7-809E0AEFAE98}.Debug|x64.ActiveCfg = Debug|x64
		{A9173E66-AF4A-4150-8FE7-809E0AEFAE98}.Debug|x64.Build.0 = Debug|x64
		{A9173E66-AF4A-4150-8FE7-809E0AEFAE98}.Debug|x86.ActiveCfg = Debug|Win32
		{A9173E66-AF4A-4150-8FE7-809E0AEFAE98}.Debug|x86.Build.0 = Debug|Win32
		{A9173E66-AF4A-4150-8FE7-809E0AEFAE98}.Release|x64.ActiveCfg = Release|x64
		{A9173E66-AF4A-4150-8FE7-809E0AEFAE98}.Release|x64.Build.0 = Release|x64
		{A9173E66-AF4A-4150-8FE7-809E0AEFAE98}.Release|x86.ActiveCfg = Release|Win32
		{A9173E66-AF4A-4150-8FE7-809E0AEFAE98}.Release|x86.Build.0 = Release|Win32
		{C912A785-EFBA-4576-82D3-7659565F6FC4}.Debug|x64.ActiveCfg = Debug|x64
		{C912A785-EFBA-4576-82D3-7659565F6FC4}.Debug|x64.Build.0 = Debug|x64
		{C912A785-EFBA-4576-82D3-7659565F6FC4}.Debug|x86.ActiveCfg = Debug|Win32
		{C912A785-EFBA-4576-82D3-7659565F6FC4}.Debug|x86.Build.0 = Debug|Win32
		{C912A785-EFBA-4576-82D3-7659565F6FC4}.Release|x64.ActiveCfg = Release|x64
		{C912A785-EFBA-4576-82D3-7659565F6FC4}.Release|x64.Build.0 = Release|x64
		{C912A785-EFBA-4576-82D3-7659565F6FC4}.Release|x86.ActiveCfg = Release|Win32
		{C912A785-EFBA-4576-82D3-7659565F6FC4}.Release|x86.Build.0 = Release|Win32
		{9DE63F7F-A114-48E4-A424-55C615E42127}.Debug|x64.ActiveCfg = Debug|x64
		{9DE63F7F-A114-48E4-A424-55C615E42127}.Debug|x64.Build.0 = Debug|x64
		{9DE63F7F-A114-48E4-A424-55C615E42127}.Debug|x86.ActiveCfg = Debug|Win32
		{9DE63F7F-A114-48E4-A424-55C615E42127}.Debug|x86.Build.0 = Debug|Win32
		{9DE63F7F-A114-48E4-A424-55C615E42127}.Release|x64.ActiveCfg = Release|x64
		{9DE63F7F-A114-48E4-A424-55C615E42127}.Release|x64.Build.0 = Release|x64
		{9DE63F7F-A114-48E4-A424-55C615E42127}.Release|x86.ActiveCfg = Release|Win32
		{9DE63F7F-A114-48E4-A424-55C615E42127}.Release|x86.Build.0 = Release|Win32
		{89FA7D45-C3D3-4E6F-A938-C30079D2252F}.Debug|x64.ActiveCfg = Debug|x64
		{89FA7D45-C3D3-4E6F-A938-C30079D2252F}.Debug|x64.Build.0 = Debug|x64
		{89FA7D45-C3D3-4E6F-A938-C30079D2252F}.Debug|x86.ActiveCfg = Debug|Win32
		{89FA7D45-C3D3-4E6F-A938-C30079D2252F}.Debug|x86.Build.0 = Debug|Win32
		{89FA7D45-C3D3-4E6F-A938-C30079D2252F}.Release|x64.ActiveCfg = Release|x64
		{89FA7D45-C3D3-4E6F-A938-C30079D2252F}.Release|x64.Build.0 = Release|x64
		{89FA7D45-C3D3-4E6F-A938-C30079D2252F}.Release|x86.ActiveCfg = Release|Win32
		{89FA7D45-C3D3-4E6F-A938-C30079D2252F}.Release|x86.Build.0 = Release|Win32
		{7BF77691-59EB-4337-8A9A-B9D374E8347A}.Debug|x64.ActiveCfg = Debug|x64
		{7BF77691-59EB-4337-8A9A-B9D374E8347A}.Debug|x64.Build.0 = Debug|x64
		{7BF77691-59EB-4337-8A9A-B9D374E8347A}.Debug|x86.ActiveCfg = Debug|Win32
		{7BF77691-59EB-4337-8A9A-B9D374E8347A}.Debug|x86.Build.0 = Debug|Win32
		{7BF77691-59EB-4337-8A9A-B9D374E8347A}.Release|x64.ActiveCfg = Release|x64
		{7BF77691-59EB-4337-8A9A-B9D374E8347A}.Release|x64.Build.0 = Release|x64
		{7BF77691-59EB-4337-8A9A-B9D374E8347A}.Release|x86.ActiveCfg = Release|Win32
		{7BF77691-59EB-4337-8A9A-B9D374E8347A}.Release|x86.Build.0 = Release|Win32
		{FC0D4FDF-FB6B-4645-947D-7704EB2EB64A}.Debug|x64.ActiveCfg = Debug|x64
		{FC0D4FDF-FB6B-4645-947D-7704EB2EB64A}.Debug|x64.Build.0 = Debug|x64
		{FC0D4FDF-FB6B-4645-947D-7704EB2EB64A}.Debug|x86.ActiveCfg = Debug|Win32
		{FC0D4FDF-FB6B-4645-947D-7704EB2EB64A}.Debug|x86.Build.0 = Debug|Win32
		{FC0D4FDF-FB6B-4645-947D-7704EB2EB64A}.Release|x64.ActiveCfg = Release|x64
		{FC0D4FDF-FB6B-4645-947D-7704EB2EB64A}.Release|x64.Build.0 = Release|x64
		{FC0D4FDF-FB6B-4645-947D-7704EB2EB64A}.Release|x86.ActiveCfg = Release|Win32
		{FC0D4FDF-FB6B-4645-947D-7704EB2EB64A}.Release|x86.Build.0 = Release|Win32
		{E6E7FF96-0104-4B2A-9E6A-3A3ACDABF8DE}.Debug|x64.ActiveCfg = Debug|x64
		{E6E7FF96-0104-4B2A-9E6A-3A3ACDABF8DE}.Debug|x64.Build.0 = Debug|x64
		{E6E7FF96-0104-4B2A-9E6A-3A3ACDABF8DE}.Debug|x86.ActiveCfg = Debug|Win32
		{E6E7FF96-0104-4B2A-9E6A-3A3ACDABF8DE}.Debug|x86.Build.0 = Debug|Win32
		{E6E7FF96-0104-4B2A-9E6A-3A3ACDABF8DE}.Release|x64.ActiveCfg = Release|x64
		{E6E7FF96-0104-4B2A-9E6A-3A3ACDABF8DE}.Release|x64.Build.0 = Release|x64
		{E6E7FF96-0104-4B2A-9E6A-3A3ACDABF8DE}.Release|x86.ActiveCfg = Release|Win32
		{E6E7FF96-0104-4B2A-9E6A-3A3ACDABF8DE}.Release|x86.Build.0 = Release|Win32
		{52AC98F8-30C3-4624-8A82-31C2E3715EF4}.Debug|x64.ActiveCfg = Debug|x64
		{52AC98F8-30C3-4624-8A82-31C2E3715EF4}.Debug|x64.Build.0 = Debug|x64
		{52AC98F8-30C3-4624-8A82-31C2E3715EF4}.Debug|x86.ActiveCfg = Debug|Win32
		{52AC98F8-30C3-4624-8A82-31C2E3715EF4}.Debug|x86.Build.0 = Debug|Win32
		{52AC98F8-30C3-4624-8A82-31C2E3715EF4}.Release|x64.ActiveCfg = Release|x64
		{52AC98F8-30C3-4624-8A82-31C2E3715EF4}.Release|x64.Build.0 = Release|x64
		{52AC98F8-30C3-4624-8A82-31C2E3715EF4}.Release|x86.ActiveCfg = Release|Win32
		{52AC98F8-30C3-4624-8A82-31C2E3715EF4}.Release|x86.Build.0 = Release|Win32
		{AA13BF75-64DB-4BFF-84C7-458421674806}.Debug|x64.ActiveCfg = Debug|x64
		{AA13BF75-64DB-4BFF-84C7-458421674806}.Debug|x64.Build.0 = Debug|x64
		{AA13BF75-64DB-4BFF-84C7-458421674806}.Debug|x86.ActiveCfg = Debug|Win32
		{AA13BF75-64DB-4BFF-84C7-458421674806}.Debug|x86.Build.0 = Debug|Win32
		{AA13BF75-64DB-4BFF-84C7-458421674806}.Release|x64.ActiveCfg = Release|x64
		{AA13BF75-64DB-4BFF-84C7-458421674806}.Release|x64.Build.0 = Release|x64
		{AA13BF75-64DB-4BFF-84C7-458421674806}.Release|x86.ActiveCfg = Release|Win32
		{AA13BF75-64DB-4BFF-84C7-458421674806}.Release|x86.Build.0 = Release|Win32
		{FEF34C7B-3D50-444E-AF24-D0EE8D94A800}.Debug|x64.ActiveCfg = Debug|x64
		{FEF34C7B-3D50-444E-AF24-D0EE8D94A800}.Debug|x64.Build.0 = Debug|x64
		{FEF34C7B-3D50-444E-AF24-D0EE8D94A800}.Debug|x86.ActiveCfg = Debug|Win32
		{FEF34C7B-3D50-444E-AF24-D0EE8D94A800}.Debug|x86.Build.0 = Debug|Win32
		{FEF34C7B-3D50-444E-AF24-D0EE8D94A800}.Release|x64.ActiveCfg = Release|x64
		{FEF34C7B-3D50-444E-AF24-D0EE8D94A800}.Release|x64.Build.0 = Release|x64
		{FEF34C7B-3D50-444E-AF24-D0EE8D94A800}.Release|x86.ActiveCfg = Release|Win32
		{FEF34C7B-3D50-444E-AF24-D0EE8D94A800}.Release|x86.Build.0 = Release|Win32
		{2DF86D32-DE6F-42FF-9C8C-CFEDBFB2B141}.Debug|x64.ActiveCfg = Debug|x64
		{2DF86D32-DE6F-42FF-9C8C-CFEDBFB2B141}.Debug|x64.Build.0 = Debug|x64
		{2DF86D32-DE6F-42FF-9C8C-CFEDBFB2B141}.Debug|x86.ActiveCfg = Debug|Win32
		{2DF86D32-DE6F-42FF-9C8C-CFEDBFB2B141}.Debug|x86.Build.0 = Debug|Win32
		{2DF86D32-DE6F-42FF-9C8C-CFEDBFB2B141}.Release|x64.ActiveCfg = Release|x64
		{2DF86D32-DE6F-42FF-9C8C-CFEDBFB2B141}.Release|x64.Build.0 = Release|x64
		{2DF86D32-DE6F-42FF-9C8C-CFEDBFB2B141}.Release|x86.ActiveCfg = Release|Win32
		{2DF86D32-DE6F-42FF-9C8C-CFEDBFB2B141}.Release|x86.Build.0 = Release|Win32
		{8999017B-E4FD-4C3B-9C55-98789A0096E6}.Debug|x64.ActiveCfg = Debug|x64
		{8999017B-E4FD-4C3B-9C55-98789A0096E6}.Debug|x64.Build.0 = Debug|x64
		{8999017B-E4FD-4C3B-9C55-98789A0096E6}.Debug|x86.ActiveCfg = Debug|Win32
		{8999017B-E4FD-4C3B-9C55-98789A0096E6}.Debug|x86.Build.0 = Debug|Win32
		{8999017B-E4FD-4C3B-9C55-98789A0096E6}.Release|x64.ActiveCfg = Release|x64
		{8999017B-E4FD-4C3B-9C55-98789A0096E6}.Release|x64.Build.0 = Release|x64
		{8999017B-E4FD-4C3B-9C55-98789A0096E6}.Release|x86.ActiveCfg = Release|Win32
		{8999017B-E4FD-4C3B-9C55-98789A0096E6}.Release|x86.Build.0 = Release|Win32
		{4B17B473-E0F2-478F-8AEC-C56E10FD696B}.Debug|x64.ActiveCfg = Debug|x64
		{4B17B473-E0F2-478F-8AEC-C56E10FD696B}.Debug|x64.Build.0 = Debug|x64
		{4B17B473-E0F2-478F-8AEC-C56E10FD696B}.Debug|x86.ActiveCfg = Debug|Win32
		{4B17B473-E0F2-478F-8AEC-C56E10FD696B}.Debug|x86.Build.0 = Debug|Win32
		{4B17B473-E0F2-478F-8AEC-C56E10FD696B}.Release|x64.ActiveCfg = Release|x64
		{4B17B473-E0F2-478F-8AEC-C56E10FD696B}.Release|x64.Build.0 = Release|x64
		{4B17B473-E0F2-478F-8AEC-C56E10FD696B}.Release|x86.ActiveCfg = Release|Win32
		{4B17B473-E0F2-478F-8AEC-C56E10FD696B}.Release|x86.Build.0 = Release|Win32
		{C175F8D6-647A-42AD-B90F-BBD8A95612E1}.Debug|x64.ActiveCfg = Debug|x64
		{C175F8D6-647A-42AD-B90F-BBD8A95612E1}.Debug|x64.Build.0 = Debug|x64
		{C175F8D6-647A-42AD-B90F-BBD8A95612E1}.Debug|x86.ActiveCfg = Debug|Win32
		{C175F8D6-647A-42AD-B90F-BBD8A95612E1}.Debug|x86.Build.0 = Debug|Win32
		{C175F8D6-647A-42AD-B90F-BBD8A95612E1}.Release|x64.ActiveCfg = Release|x64
		{C175F8D6-647A-42AD-B90F-BBD8A95612E1}.Release|x64.Build.0 = Release|x64
		{C175F8D6-647A-42AD-B90F-BBD8A95612E1}.Release|x86.ActiveCfg = Release|Win32
		{C175F8D6-647A-42AD-B90F-BBD8A95612E1}.Release|x86.Build.0 = Release|Win32
		{4ED2A703-3269-4041-8C8A-4D27896F8E58}.Debug|x64.ActiveCfg = Debug|x64
		{4ED2A703-3269-4041-8C8A-4D27896F8E58}.Debug|x64.Build.0 = Debug|x64
		{4ED2A703-3269-4041-8C8A-4D27896F8E58}.Debug|x86.ActiveCfg = Debug|Win32
		{4ED2A703-3269-4041-8C8A-4D27896F8E58}.Debug|x86.Build.0 = Debug|Win32
		{4ED2A703-3269-4041-8C8A-4D27896F8E58}.Release|x64.ActiveCfg = Release|x64
		{4ED2A703-3269-4041-8C8A-4D27896F8E58}.Release|x64.Build.0 = Release|x64
		{4ED2A703-3269-4041-8C8A-4D27896F8E58}.Release|x86.ActiveCfg = Release|Win32
		{4ED2A703-3269-4041-8C8A-4D27896F8E58}.Release|x86.Build.0 = Release|Win32
		{4BF0DD85-038F-419E-8E39-59F386310BB6}.Debug|x64.ActiveCfg = Debug|x64
		{4BF0DD85-038F-419E-8E39-59F386310BB6}.Debug|x64.Build.0 = Debug|x64
		{4BF0DD85-038F-419E-8E39-59F386310BB6}.Debug|x86.ActiveCfg = Debug|Win32
		{4BF0DD85-038F-419E-8E39-59F386310BB6}.Debug|x86.Build.0 = Debug|Win32
		{4BF0DD85-038F-419E-8E39-59F386310BB6}.Release|x64.ActiveCfg = Release|x64
		{4BF0DD85-038F-419E-8E39-59F386310BB6}.Release|x64.Build.0 = Release|x64
		{4BF0DD85-038F-419E-8E39-59F386310BB6}.Release|x86.ActiveCfg = Release|Win32
		{4BF0DD85-038F-419E-8E39-59F386310BB6}.Release|x86.Build.0 = Release|Win32
		{B335642B-8CBB-4382-8FA5-6D1A2A430AF3}.Debug|x64.ActiveCfg = Debug|x64
		{B335642B-8CBB-4382-8FA5-6D1A2A430AF3}.Debug|x64.Build.0 = Debug|x64
		{B335642B-8CBB-4382-8FA5-6D1A2A430AF3}.Debug|x86.ActiveCfg = Debug|Win32
		{B335642B-8CBB-4382-8FA5-6D1A2A430AF3}.Debug|x86.Build.0 = Debug|Win32
		{B335642B-8CBB-4382-8FA5-6D1A2A430AF3}.Release|x64.ActiveCfg = Release|x64
		{B335642B-8CBB-4382-8FA5-6D1A2A430AF3}.Release|x64.Build.0 = Release|x64
		{B335642B-8CBB-4382-8FA5-6D1A2A430AF3}.Release|x86.ActiveCfg = Release|Win32
		{B335642B-8CBB-4382-8FA5-6D1A2A430AF3}.Release|x86.Build.0 = Release|Win32
	EndGlobalSection
	GlobalSection(SolutionProperties) = preSolution
		HideSolutionNode = FALSE
	EndGlobalSection
	GlobalSection(ExtensibilityGlobals) = postSolution
		SolutionGuid = {13EDB47A-76BD-43A6-B03B-A08B207178E3}
	EndGlobalSection
EndGlobal
