
Microsoft Visual Studio Solution File, Format Version 12.00
# Visual Studio Version 16
VisualStudioVersion = 16.0.31624.102
MinimumVisualStudioVersion = 10.0.40219.1
Project("{8BC9CEB8-8B4A-11D0-8D11-00A0C91BC942}") = "4LabRab1", "4LabRab1\4LabRab1.vcxproj", "{D2F4CFBE-2526-44CC-96E4-50509C23EE89}"
EndProject
Project("{8BC9CEB8-8B4A-11D0-8D11-00A0C91BC942}") = "test", "..\..\test\test\test.vcxproj", "{6FE0DE18-38CE-453B-886D-E94ADE68B5AA}"
EndProject
Project("{8BC9CEB8-8B4A-11D0-8D11-00A0C91BC942}") = "4LabRab2", "4LabRab2\4LabRab2.vcxproj", "{5C75FFCC-58FA-46ED-97EC-7C2EEA5A648B}"
EndProject
Project("{8BC9CEB8-8B4A-11D0-8D11-00A0C91BC942}") = "4LabRab3", "4LabRab3\4LabRab3.vcxproj", "{C61BD6FB-887A-4796-9A8A-31533B339347}"
EndProject
Project("{8BC9CEB8-8B4A-11D0-8D11-00A0C91BC942}") = "4LabRab4", "4LabRab4\4LabRab4.vcxproj", "{09C8A75C-42F0-4296-B39E-63C3BF30FBCA}"
EndProject
Project("{8BC9CEB8-8B4A-11D0-8D11-00A0C91BC942}") = "4LabRab5", "4LabRab5\4LabRab5.vcxproj", "{B93ECDA3-5379-4787-8BC9-0CABDD12353C}"
EndProject
Project("{8BC9CEB8-8B4A-11D0-8D11-00A0C91BC942}") = "4LabRab6", "4LabRab6\4LabRab6.vcxproj", "{044823ED-A1DD-4BA7-897B-80380674CDC3}"
EndProject
Project("{8BC9CEB8-8B4A-11D0-8D11-00A0C91BC942}") = "4LabRab7", "4LabRab7\4LabRab7.vcxproj", "{D5056759-7AC4-4BD0-9639-8C117D9910A4}"
EndProject
Project("{8BC9CEB8-8B4A-11D0-8D11-00A0C91BC942}") = "4LabRab81", "4LabRab81\4LabRab81.vcxproj", "{3BB9E80A-775B-4877-9764-62625CE30ECC}"
EndProject
Project("{8BC9CEB8-8B4A-11D0-8D11-00A0C91BC942}") = "4LabRab10", "4LabRab10\4LabRab10.vcxproj", "{277C1086-E791-44DD-A4C9-6F332BFE89C6}"
EndProject
Project("{8BC9CEB8-8B4A-11D0-8D11-00A0C91BC942}") = "4LabRab9", "4LabRab9\4LabRab9.vcxproj", "{8E0D75EA-2694-4D7A-B8F7-3926B6012D87}"
EndProject
Project("{8BC9CEB8-8B4A-11D0-8D11-00A0C91BC942}") = "4LabRab11", "4LabRab11\4LabRab11.vcxproj", "{30E65154-0C4D-469A-881C-36E3DD26C2C8}"
EndProject
Project("{8BC9CEB8-8B4A-11D0-8D11-00A0C91BC942}") = "4LabRab12", "4LabRab12\4LabRab12.vcxproj", "{EE1971B7-3CED-4CD0-93DB-1788F1F1843B}"
EndProject
Project("{8BC9CEB8-8B4A-11D0-8D11-00A0C91BC942}") = "4LabRab13", "4LabRab13\4LabRab13.vcxproj", "{F66765E0-417D-4E09-B5A3-A69E9E211F34}"
EndProject
Project("{8BC9CEB8-8B4A-11D0-8D11-00A0C91BC942}") = "4LabRab14", "4LabRab14\4LabRab14.vcxproj", "{57E3AA6F-EAE5-4655-9718-AB482B05535A}"
EndProject
Project("{8BC9CEB8-8B4A-11D0-8D11-00A0C91BC942}") = "4LabRab15", "4LabRab15\4LabRab15.vcxproj", "{53F9FA82-2545-49C6-80BF-70A577BDC222}"
EndProject
Global
	GlobalSection(SolutionConfigurationPlatforms) = preSolution
		Debug|x64 = Debug|x64
		Debug|x86 = Debug|x86
		Release|x64 = Release|x64
		Release|x86 = Release|x86
	EndGlobalSection
	GlobalSection(ProjectConfigurationPlatforms) = postSolution
		{D2F4CFBE-2526-44CC-96E4-50509C23EE89}.Debug|x64.ActiveCfg = Debug|x64
		{D2F4CFBE-2526-44CC-96E4-50509C23EE89}.Debug|x64.Build.0 = Debug|x64
		{D2F4CFBE-2526-44CC-96E4-50509C23EE89}.Debug|x86.ActiveCfg = Debug|Win32
		{D2F4CFBE-2526-44CC-96E4-50509C23EE89}.Debug|x86.Build.0 = Debug|Win32
		{D2F4CFBE-2526-44CC-96E4-50509C23EE89}.Release|x64.ActiveCfg = Release|x64
		{D2F4CFBE-2526-44CC-96E4-50509C23EE89}.Release|x64.Build.0 = Release|x64
		{D2F4CFBE-2526-44CC-96E4-50509C23EE89}.Release|x86.ActiveCfg = Release|Win32
		{D2F4CFBE-2526-44CC-96E4-50509C23EE89}.Release|x86.Build.0 = Release|Win32
		{6FE0DE18-38CE-453B-886D-E94ADE68B5AA}.Debug|x64.ActiveCfg = Debug|x64
		{6FE0DE18-38CE-453B-886D-E94ADE68B5AA}.Debug|x64.Build.0 = Debug|x64
		{6FE0DE18-38CE-453B-886D-E94ADE68B5AA}.Debug|x86.ActiveCfg = Debug|Win32
		{6FE0DE18-38CE-453B-886D-E94ADE68B5AA}.Debug|x86.Build.0 = Debug|Win32
		{6FE0DE18-38CE-453B-886D-E94ADE68B5AA}.Release|x64.ActiveCfg = Release|x64
		{6FE0DE18-38CE-453B-886D-E94ADE68B5AA}.Release|x64.Build.0 = Release|x64
		{6FE0DE18-38CE-453B-886D-E94ADE68B5AA}.Release|x86.ActiveCfg = Release|Win32
		{6FE0DE18-38CE-453B-886D-E94ADE68B5AA}.Release|x86.Build.0 = Release|Win32
		{5C75FFCC-58FA-46ED-97EC-7C2EEA5A648B}.Debug|x64.ActiveCfg = Debug|x64
		{5C75FFCC-58FA-46ED-97EC-7C2EEA5A648B}.Debug|x64.Build.0 = Debug|x64
		{5C75FFCC-58FA-46ED-97EC-7C2EEA5A648B}.Debug|x86.ActiveCfg = Debug|Win32
		{5C75FFCC-58FA-46ED-97EC-7C2EEA5A648B}.Debug|x86.Build.0 = Debug|Win32
		{5C75FFCC-58FA-46ED-97EC-7C2EEA5A648B}.Release|x64.ActiveCfg = Release|x64
		{5C75FFCC-58FA-46ED-97EC-7C2EEA5A648B}.Release|x64.Build.0 = Release|x64
		{5C75FFCC-58FA-46ED-97EC-7C2EEA5A648B}.Release|x86.ActiveCfg = Release|Win32
		{5C75FFCC-58FA-46ED-97EC-7C2EEA5A648B}.Release|x86.Build.0 = Release|Win32
		{C61BD6FB-887A-4796-9A8A-31533B339347}.Debug|x64.ActiveCfg = Debug|x64
		{C61BD6FB-887A-4796-9A8A-31533B339347}.Debug|x64.Build.0 = Debug|x64
		{C61BD6FB-887A-4796-9A8A-31533B339347}.Debug|x86.ActiveCfg = Debug|Win32
		{C61BD6FB-887A-4796-9A8A-31533B339347}.Debug|x86.Build.0 = Debug|Win32
		{C61BD6FB-887A-4796-9A8A-31533B339347}.Release|x64.ActiveCfg = Release|x64
		{C61BD6FB-887A-4796-9A8A-31533B339347}.Release|x64.Build.0 = Release|x64
		{C61BD6FB-887A-4796-9A8A-31533B339347}.Release|x86.ActiveCfg = Release|Win32
		{C61BD6FB-887A-4796-9A8A-31533B339347}.Release|x86.Build.0 = Release|Win32
		{09C8A75C-42F0-4296-B39E-63C3BF30FBCA}.Debug|x64.ActiveCfg = Debug|x64
		{09C8A75C-42F0-4296-B39E-63C3BF30FBCA}.Debug|x64.Build.0 = Debug|x64
		{09C8A75C-42F0-4296-B39E-63C3BF30FBCA}.Debug|x86.ActiveCfg = Debug|Win32
		{09C8A75C-42F0-4296-B39E-63C3BF30FBCA}.Debug|x86.Build.0 = Debug|Win32
		{09C8A75C-42F0-4296-B39E-63C3BF30FBCA}.Release|x64.ActiveCfg = Release|x64
		{09C8A75C-42F0-4296-B39E-63C3BF30FBCA}.Release|x64.Build.0 = Release|x64
		{09C8A75C-42F0-4296-B39E-63C3BF30FBCA}.Release|x86.ActiveCfg = Release|Win32
		{09C8A75C-42F0-4296-B39E-63C3BF30FBCA}.Release|x86.Build.0 = Release|Win32
		{B93ECDA3-5379-4787-8BC9-0CABDD12353C}.Debug|x64.ActiveCfg = Debug|x64
		{B93ECDA3-5379-4787-8BC9-0CABDD12353C}.Debug|x64.Build.0 = Debug|x64
		{B93ECDA3-5379-4787-8BC9-0CABDD12353C}.Debug|x86.ActiveCfg = Debug|Win32
		{B93ECDA3-5379-4787-8BC9-0CABDD12353C}.Debug|x86.Build.0 = Debug|Win32
		{B93ECDA3-5379-4787-8BC9-0CABDD12353C}.Release|x64.ActiveCfg = Release|x64
		{B93ECDA3-5379-4787-8BC9-0CABDD12353C}.Release|x64.Build.0 = Release|x64
		{B93ECDA3-5379-4787-8BC9-0CABDD12353C}.Release|x86.ActiveCfg = Release|Win32
		{B93ECDA3-5379-4787-8BC9-0CABDD12353C}.Release|x86.Build.0 = Release|Win32
		{044823ED-A1DD-4BA7-897B-80380674CDC3}.Debug|x64.ActiveCfg = Debug|x64
		{044823ED-A1DD-4BA7-897B-80380674CDC3}.Debug|x64.Build.0 = Debug|x64
		{044823ED-A1DD-4BA7-897B-80380674CDC3}.Debug|x86.ActiveCfg = Debug|Win32
		{044823ED-A1DD-4BA7-897B-80380674CDC3}.Debug|x86.Build.0 = Debug|Win32
		{044823ED-A1DD-4BA7-897B-80380674CDC3}.Release|x64.ActiveCfg = Release|x64
		{044823ED-A1DD-4BA7-897B-80380674CDC3}.Release|x64.Build.0 = Release|x64
		{044823ED-A1DD-4BA7-897B-80380674CDC3}.Release|x86.ActiveCfg = Release|Win32
		{044823ED-A1DD-4BA7-897B-80380674CDC3}.Release|x86.Build.0 = Release|Win32
		{D5056759-7AC4-4BD0-9639-8C117D9910A4}.Debug|x64.ActiveCfg = Debug|x64
		{D5056759-7AC4-4BD0-9639-8C117D9910A4}.Debug|x64.Build.0 = Debug|x64
		{D5056759-7AC4-4BD0-9639-8C117D9910A4}.Debug|x86.ActiveCfg = Debug|Win32
		{D5056759-7AC4-4BD0-9639-8C117D9910A4}.Debug|x86.Build.0 = Debug|Win32
		{D5056759-7AC4-4BD0-9639-8C117D9910A4}.Release|x64.ActiveCfg = Release|x64
		{D5056759-7AC4-4BD0-9639-8C117D9910A4}.Release|x64.Build.0 = Release|x64
		{D5056759-7AC4-4BD0-9639-8C117D9910A4}.Release|x86.ActiveCfg = Release|Win32
		{D5056759-7AC4-4BD0-9639-8C117D9910A4}.Release|x86.Build.0 = Release|Win32
		{3BB9E80A-775B-4877-9764-62625CE30ECC}.Debug|x64.ActiveCfg = Debug|x64
		{3BB9E80A-775B-4877-9764-62625CE30ECC}.Debug|x64.Build.0 = Debug|x64
		{3BB9E80A-775B-4877-9764-62625CE30ECC}.Debug|x86.ActiveCfg = Debug|Win32
		{3BB9E80A-775B-4877-9764-62625CE30ECC}.Debug|x86.Build.0 = Debug|Win32
		{3BB9E80A-775B-4877-9764-62625CE30ECC}.Release|x64.ActiveCfg = Release|x64
		{3BB9E80A-775B-4877-9764-62625CE30ECC}.Release|x64.Build.0 = Release|x64
		{3BB9E80A-775B-4877-9764-62625CE30ECC}.Release|x86.ActiveCfg = Release|Win32
		{3BB9E80A-775B-4877-9764-62625CE30ECC}.Release|x86.Build.0 = Release|Win32
		{277C1086-E791-44DD-A4C9-6F332BFE89C6}.Debug|x64.ActiveCfg = Debug|x64
		{277C1086-E791-44DD-A4C9-6F332BFE89C6}.Debug|x64.Build.0 = Debug|x64
		{277C1086-E791-44DD-A4C9-6F332BFE89C6}.Debug|x86.ActiveCfg = Debug|Win32
		{277C1086-E791-44DD-A4C9-6F332BFE89C6}.Debug|x86.Build.0 = Debug|Win32
		{277C1086-E791-44DD-A4C9-6F332BFE89C6}.Release|x64.ActiveCfg = Release|x64
		{277C1086-E791-44DD-A4C9-6F332BFE89C6}.Release|x64.Build.0 = Release|x64
		{277C1086-E791-44DD-A4C9-6F332BFE89C6}.Release|x86.ActiveCfg = Release|Win32
		{277C1086-E791-44DD-A4C9-6F332BFE89C6}.Release|x86.Build.0 = Release|Win32
		{8E0D75EA-2694-4D7A-B8F7-3926B6012D87}.Debug|x64.ActiveCfg = Debug|x64
		{8E0D75EA-2694-4D7A-B8F7-3926B6012D87}.Debug|x64.Build.0 = Debug|x64
		{8E0D75EA-2694-4D7A-B8F7-3926B6012D87}.Debug|x86.ActiveCfg = Debug|Win32
		{8E0D75EA-2694-4D7A-B8F7-3926B6012D87}.Debug|x86.Build.0 = Debug|Win32
		{8E0D75EA-2694-4D7A-B8F7-3926B6012D87}.Release|x64.ActiveCfg = Release|x64
		{8E0D75EA-2694-4D7A-B8F7-3926B6012D87}.Release|x64.Build.0 = Release|x64
		{8E0D75EA-2694-4D7A-B8F7-3926B6012D87}.Release|x86.ActiveCfg = Release|Win32
		{8E0D75EA-2694-4D7A-B8F7-3926B6012D87}.Release|x86.Build.0 = Release|Win32
		{30E65154-0C4D-469A-881C-36E3DD26C2C8}.Debug|x64.ActiveCfg = Debug|x64
		{30E65154-0C4D-469A-881C-36E3DD26C2C8}.Debug|x64.Build.0 = Debug|x64
		{30E65154-0C4D-469A-881C-36E3DD26C2C8}.Debug|x86.ActiveCfg = Debug|Win32
		{30E65154-0C4D-469A-881C-36E3DD26C2C8}.Debug|x86.Build.0 = Debug|Win32
		{30E65154-0C4D-469A-881C-36E3DD26C2C8}.Release|x64.ActiveCfg = Release|x64
		{30E65154-0C4D-469A-881C-36E3DD26C2C8}.Release|x64.Build.0 = Release|x64
		{30E65154-0C4D-469A-881C-36E3DD26C2C8}.Release|x86.ActiveCfg = Release|Win32
		{30E65154-0C4D-469A-881C-36E3DD26C2C8}.Release|x86.Build.0 = Release|Win32
		{EE1971B7-3CED-4CD0-93DB-1788F1F1843B}.Debug|x64.ActiveCfg = Debug|x64
		{EE1971B7-3CED-4CD0-93DB-1788F1F1843B}.Debug|x64.Build.0 = Debug|x64
		{EE1971B7-3CED-4CD0-93DB-1788F1F1843B}.Debug|x86.ActiveCfg = Debug|Win32
		{EE1971B7-3CED-4CD0-93DB-1788F1F1843B}.Debug|x86.Build.0 = Debug|Win32
		{EE1971B7-3CED-4CD0-93DB-1788F1F1843B}.Release|x64.ActiveCfg = Release|x64
		{EE1971B7-3CED-4CD0-93DB-1788F1F1843B}.Release|x64.Build.0 = Release|x64
		{EE1971B7-3CED-4CD0-93DB-1788F1F1843B}.Release|x86.ActiveCfg = Release|Win32
		{EE1971B7-3CED-4CD0-93DB-1788F1F1843B}.Release|x86.Build.0 = Release|Win32
		{F66765E0-417D-4E09-B5A3-A69E9E211F34}.Debug|x64.ActiveCfg = Debug|x64
		{F66765E0-417D-4E09-B5A3-A69E9E211F34}.Debug|x64.Build.0 = Debug|x64
		{F66765E0-417D-4E09-B5A3-A69E9E211F34}.Debug|x86.ActiveCfg = Debug|Win32
		{F66765E0-417D-4E09-B5A3-A69E9E211F34}.Debug|x86.Build.0 = Debug|Win32
		{F66765E0-417D-4E09-B5A3-A69E9E211F34}.Release|x64.ActiveCfg = Release|x64
		{F66765E0-417D-4E09-B5A3-A69E9E211F34}.Release|x64.Build.0 = Release|x64
		{F66765E0-417D-4E09-B5A3-A69E9E211F34}.Release|x86.ActiveCfg = Release|Win32
		{F66765E0-417D-4E09-B5A3-A69E9E211F34}.Release|x86.Build.0 = Release|Win32
		{57E3AA6F-EAE5-4655-9718-AB482B05535A}.Debug|x64.ActiveCfg = Debug|x64
		{57E3AA6F-EAE5-4655-9718-AB482B05535A}.Debug|x64.Build.0 = Debug|x64
		{57E3AA6F-EAE5-4655-9718-AB482B05535A}.Debug|x86.ActiveCfg = Debug|Win32
		{57E3AA6F-EAE5-4655-9718-AB482B05535A}.Debug|x86.Build.0 = Debug|Win32
		{57E3AA6F-EAE5-4655-9718-AB482B05535A}.Release|x64.ActiveCfg = Release|x64
		{57E3AA6F-EAE5-4655-9718-AB482B05535A}.Release|x64.Build.0 = Release|x64
		{57E3AA6F-EAE5-4655-9718-AB482B05535A}.Release|x86.ActiveCfg = Release|Win32
		{57E3AA6F-EAE5-4655-9718-AB482B05535A}.Release|x86.Build.0 = Release|Win32
		{53F9FA82-2545-49C6-80BF-70A577BDC222}.Debug|x64.ActiveCfg = Debug|x64
		{53F9FA82-2545-49C6-80BF-70A577BDC222}.Debug|x64.Build.0 = Debug|x64
		{53F9FA82-2545-49C6-80BF-70A577BDC222}.Debug|x86.ActiveCfg = Debug|Win32
		{53F9FA82-2545-49C6-80BF-70A577BDC222}.Debug|x86.Build.0 = Debug|Win32
		{53F9FA82-2545-49C6-80BF-70A577BDC222}.Release|x64.ActiveCfg = Release|x64
		{53F9FA82-2545-49C6-80BF-70A577BDC222}.Release|x64.Build.0 = Release|x64
		{53F9FA82-2545-49C6-80BF-70A577BDC222}.Release|x86.ActiveCfg = Release|Win32
		{53F9FA82-2545-49C6-80BF-70A577BDC222}.Release|x86.Build.0 = Release|Win32
	EndGlobalSection
	GlobalSection(SolutionProperties) = preSolution
		HideSolutionNode = FALSE
	EndGlobalSection
	GlobalSection(ExtensibilityGlobals) = postSolution
		SolutionGuid = {21BB044C-45F6-4D9C-B7A7-845097E6C9F1}
	EndGlobalSection
EndGlobal
