
Microsoft Visual Studio Solution File, Format Version 12.00
# Visual Studio Version 16
VisualStudioVersion = 16.0.31911.196
MinimumVisualStudioVersion = 10.0.40219.1
Project("{8BC9CEB8-8B4A-11D0-8D11-00A0C91BC942}") = "6LabRab1", "6LabRab1\6LabRab1.vcxproj", "{A2D3E570-1690-48CC-9C8F-03C59ADA6BD7}"
EndProject
Project("{8BC9CEB8-8B4A-11D0-8D11-00A0C91BC942}") = "test", "test\test.vcxproj", "{2587A63F-C6CD-458F-9ED6-5217DFF25274}"
EndProject
Project("{8BC9CEB8-8B4A-11D0-8D11-00A0C91BC942}") = "6LabRab2", "6LabRab2\6LabRab2.vcxproj", "{A3E4ECC7-6C25-4372-8A35-6BF4BF03A513}"
EndProject
Project("{8BC9CEB8-8B4A-11D0-8D11-00A0C91BC942}") = "6LabRab3", "6LabRab3\6LabRab3.vcxproj", "{53922B40-357A-4391-80FF-18E31A9CEFD0}"
EndProject
Project("{8BC9CEB8-8B4A-11D0-8D11-00A0C91BC942}") = "6LabRab4", "6LabRab4\6LabRab4.vcxproj", "{2B8CEE3D-9FEB-4101-A266-C7D58ABDD98D}"
EndProject
Project("{8BC9CEB8-8B4A-11D0-8D11-00A0C91BC942}") = "6LabRab5", "6LabRab5\6LabRab5.vcxproj", "{4DADF070-06B8-409E-9005-65085C121CA5}"
EndProject
Project("{8BC9CEB8-8B4A-11D0-8D11-00A0C91BC942}") = "6LabRab6", "6LabRab6\6LabRab6.vcxproj", "{50BF44E7-959D-45CC-8DB6-5301888B8904}"
EndProject
Project("{8BC9CEB8-8B4A-11D0-8D11-00A0C91BC942}") = "6LabRab7", "6LabRab7\6LabRab7.vcxproj", "{3044417B-DCAA-42FD-8EA4-0D3B6C836FCA}"
EndProject
Project("{8BC9CEB8-8B4A-11D0-8D11-00A0C91BC942}") = "6LabRab8", "6LabRab8\6LabRab8.vcxproj", "{30E7C03E-0C0C-4513-A7E3-6C01183D30D5}"
EndProject
Project("{8BC9CEB8-8B4A-11D0-8D11-00A0C91BC942}") = "6LabRab9", "6LabRab9\6LabRab9.vcxproj", "{7399BCFA-5985-4925-8E57-F30F0BBE3C47}"
EndProject
Project("{8BC9CEB8-8B4A-11D0-8D11-00A0C91BC942}") = "Sample-Test61", "Sample-Test61\Sample-Test61.vcxproj", "{A5A662D7-4FDA-40F9-B969-2EB1C8877EE0}"
EndProject
Project("{8BC9CEB8-8B4A-11D0-8D11-00A0C91BC942}") = "Sample-Test62", "Sample-Test62\Sample-Test62.vcxproj", "{AF54334A-E25C-477E-BD3E-DB0E3EF29B90}"
EndProject
Project("{8BC9CEB8-8B4A-11D0-8D11-00A0C91BC942}") = "Sample-Test63", "Sample-Test63\Sample-Test63.vcxproj", "{48EBFC41-3DD3-457F-A6EF-63A268F6136F}"
EndProject
Project("{8BC9CEB8-8B4A-11D0-8D11-00A0C91BC942}") = "Sample-Test64", "Sample-Test64\Sample-Test64.vcxproj", "{2AF88222-4E69-4643-B8F0-4EDC924D8A41}"
EndProject
Project("{8BC9CEB8-8B4A-11D0-8D11-00A0C91BC942}") = "Sample-Test65", "Sample-Test65\Sample-Test65.vcxproj", "{EA322C72-529B-4D60-A863-0BB90A812E05}"
EndProject
Project("{8BC9CEB8-8B4A-11D0-8D11-00A0C91BC942}") = "Sample-Test66", "Sample-Test66\Sample-Test66.vcxproj", "{617DD1C2-F80F-4848-8CEB-0FDE98FD5609}"
EndProject
Project("{8BC9CEB8-8B4A-11D0-8D11-00A0C91BC942}") = "Sample-Test67", "Sample-Test67\Sample-Test67.vcxproj", "{1360492A-1330-4926-A206-4EC20E821E7E}"
EndProject
Project("{8BC9CEB8-8B4A-11D0-8D11-00A0C91BC942}") = "Sample-Test68", "Sample-Test68\Sample-Test68.vcxproj", "{5539F2C1-2252-45AA-9E48-C28C249B0716}"
EndProject
Project("{8BC9CEB8-8B4A-11D0-8D11-00A0C91BC942}") = "Sample-Test69", "Sample-Test69\Sample-Test69.vcxproj", "{37EB129E-6BBA-4F6E-9309-DFB5D7FD20D7}"
EndProject
Global
	GlobalSection(SolutionConfigurationPlatforms) = preSolution
		Debug|x64 = Debug|x64
		Debug|x86 = Debug|x86
		Release|x64 = Release|x64
		Release|x86 = Release|x86
	EndGlobalSection
	GlobalSection(ProjectConfigurationPlatforms) = postSolution
		{A2D3E570-1690-48CC-9C8F-03C59ADA6BD7}.Debug|x64.ActiveCfg = Debug|x64
		{A2D3E570-1690-48CC-9C8F-03C59ADA6BD7}.Debug|x64.Build.0 = Debug|x64
		{A2D3E570-1690-48CC-9C8F-03C59ADA6BD7}.Debug|x86.ActiveCfg = Debug|Win32
		{A2D3E570-1690-48CC-9C8F-03C59ADA6BD7}.Debug|x86.Build.0 = Debug|Win32
		{A2D3E570-1690-48CC-9C8F-03C59ADA6BD7}.Release|x64.ActiveCfg = Release|x64
		{A2D3E570-1690-48CC-9C8F-03C59ADA6BD7}.Release|x64.Build.0 = Release|x64
		{A2D3E570-1690-48CC-9C8F-03C59ADA6BD7}.Release|x86.ActiveCfg = Release|Win32
		{A2D3E570-1690-48CC-9C8F-03C59ADA6BD7}.Release|x86.Build.0 = Release|Win32
		{2587A63F-C6CD-458F-9ED6-5217DFF25274}.Debug|x64.ActiveCfg = Debug|x64
		{2587A63F-C6CD-458F-9ED6-5217DFF25274}.Debug|x64.Build.0 = Debug|x64
		{2587A63F-C6CD-458F-9ED6-5217DFF25274}.Debug|x86.ActiveCfg = Debug|Win32
		{2587A63F-C6CD-458F-9ED6-5217DFF25274}.Debug|x86.Build.0 = Debug|Win32
		{2587A63F-C6CD-458F-9ED6-5217DFF25274}.Release|x64.ActiveCfg = Release|x64
		{2587A63F-C6CD-458F-9ED6-5217DFF25274}.Release|x64.Build.0 = Release|x64
		{2587A63F-C6CD-458F-9ED6-5217DFF25274}.Release|x86.ActiveCfg = Release|Win32
		{2587A63F-C6CD-458F-9ED6-5217DFF25274}.Release|x86.Build.0 = Release|Win32
		{A3E4ECC7-6C25-4372-8A35-6BF4BF03A513}.Debug|x64.ActiveCfg = Debug|x64
		{A3E4ECC7-6C25-4372-8A35-6BF4BF03A513}.Debug|x64.Build.0 = Debug|x64
		{A3E4ECC7-6C25-4372-8A35-6BF4BF03A513}.Debug|x86.ActiveCfg = Debug|Win32
		{A3E4ECC7-6C25-4372-8A35-6BF4BF03A513}.Debug|x86.Build.0 = Debug|Win32
		{A3E4ECC7-6C25-4372-8A35-6BF4BF03A513}.Release|x64.ActiveCfg = Release|x64
		{A3E4ECC7-6C25-4372-8A35-6BF4BF03A513}.Release|x64.Build.0 = Release|x64
		{A3E4ECC7-6C25-4372-8A35-6BF4BF03A513}.Release|x86.ActiveCfg = Release|Win32
		{A3E4ECC7-6C25-4372-8A35-6BF4BF03A513}.Release|x86.Build.0 = Release|Win32
		{53922B40-357A-4391-80FF-18E31A9CEFD0}.Debug|x64.ActiveCfg = Debug|x64
		{53922B40-357A-4391-80FF-18E31A9CEFD0}.Debug|x64.Build.0 = Debug|x64
		{53922B40-357A-4391-80FF-18E31A9CEFD0}.Debug|x86.ActiveCfg = Debug|Win32
		{53922B40-357A-4391-80FF-18E31A9CEFD0}.Debug|x86.Build.0 = Debug|Win32
		{53922B40-357A-4391-80FF-18E31A9CEFD0}.Release|x64.ActiveCfg = Release|x64
		{53922B40-357A-4391-80FF-18E31A9CEFD0}.Release|x64.Build.0 = Release|x64
		{53922B40-357A-4391-80FF-18E31A9CEFD0}.Release|x86.ActiveCfg = Release|Win32
		{53922B40-357A-4391-80FF-18E31A9CEFD0}.Release|x86.Build.0 = Release|Win32
		{2B8CEE3D-9FEB-4101-A266-C7D58ABDD98D}.Debug|x64.ActiveCfg = Debug|x64
		{2B8CEE3D-9FEB-4101-A266-C7D58ABDD98D}.Debug|x64.Build.0 = Debug|x64
		{2B8CEE3D-9FEB-4101-A266-C7D58ABDD98D}.Debug|x86.ActiveCfg = Debug|Win32
		{2B8CEE3D-9FEB-4101-A266-C7D58ABDD98D}.Debug|x86.Build.0 = Debug|Win32
		{2B8CEE3D-9FEB-4101-A266-C7D58ABDD98D}.Release|x64.ActiveCfg = Release|x64
		{2B8CEE3D-9FEB-4101-A266-C7D58ABDD98D}.Release|x64.Build.0 = Release|x64
		{2B8CEE3D-9FEB-4101-A266-C7D58ABDD98D}.Release|x86.ActiveCfg = Release|Win32
		{2B8CEE3D-9FEB-4101-A266-C7D58ABDD98D}.Release|x86.Build.0 = Release|Win32
		{4DADF070-06B8-409E-9005-65085C121CA5}.Debug|x64.ActiveCfg = Debug|x64
		{4DADF070-06B8-409E-9005-65085C121CA5}.Debug|x64.Build.0 = Debug|x64
		{4DADF070-06B8-409E-9005-65085C121CA5}.Debug|x86.ActiveCfg = Debug|Win32
		{4DADF070-06B8-409E-9005-65085C121CA5}.Debug|x86.Build.0 = Debug|Win32
		{4DADF070-06B8-409E-9005-65085C121CA5}.Release|x64.ActiveCfg = Release|x64
		{4DADF070-06B8-409E-9005-65085C121CA5}.Release|x64.Build.0 = Release|x64
		{4DADF070-06B8-409E-9005-65085C121CA5}.Release|x86.ActiveCfg = Release|Win32
		{4DADF070-06B8-409E-9005-65085C121CA5}.Release|x86.Build.0 = Release|Win32
		{50BF44E7-959D-45CC-8DB6-5301888B8904}.Debug|x64.ActiveCfg = Debug|x64
		{50BF44E7-959D-45CC-8DB6-5301888B8904}.Debug|x64.Build.0 = Debug|x64
		{50BF44E7-959D-45CC-8DB6-5301888B8904}.Debug|x86.ActiveCfg = Debug|Win32
		{50BF44E7-959D-45CC-8DB6-5301888B8904}.Debug|x86.Build.0 = Debug|Win32
		{50BF44E7-959D-45CC-8DB6-5301888B8904}.Release|x64.ActiveCfg = Release|x64
		{50BF44E7-959D-45CC-8DB6-5301888B8904}.Release|x64.Build.0 = Release|x64
		{50BF44E7-959D-45CC-8DB6-5301888B8904}.Release|x86.ActiveCfg = Release|Win32
		{50BF44E7-959D-45CC-8DB6-5301888B8904}.Release|x86.Build.0 = Release|Win32
		{3044417B-DCAA-42FD-8EA4-0D3B6C836FCA}.Debug|x64.ActiveCfg = Debug|x64
		{3044417B-DCAA-42FD-8EA4-0D3B6C836FCA}.Debug|x64.Build.0 = Debug|x64
		{3044417B-DCAA-42FD-8EA4-0D3B6C836FCA}.Debug|x86.ActiveCfg = Debug|Win32
		{3044417B-DCAA-42FD-8EA4-0D3B6C836FCA}.Debug|x86.Build.0 = Debug|Win32
		{3044417B-DCAA-42FD-8EA4-0D3B6C836FCA}.Release|x64.ActiveCfg = Release|x64
		{3044417B-DCAA-42FD-8EA4-0D3B6C836FCA}.Release|x64.Build.0 = Release|x64
		{3044417B-DCAA-42FD-8EA4-0D3B6C836FCA}.Release|x86.ActiveCfg = Release|Win32
		{3044417B-DCAA-42FD-8EA4-0D3B6C836FCA}.Release|x86.Build.0 = Release|Win32
		{30E7C03E-0C0C-4513-A7E3-6C01183D30D5}.Debug|x64.ActiveCfg = Debug|x64
		{30E7C03E-0C0C-4513-A7E3-6C01183D30D5}.Debug|x64.Build.0 = Debug|x64
		{30E7C03E-0C0C-4513-A7E3-6C01183D30D5}.Debug|x86.ActiveCfg = Debug|Win32
		{30E7C03E-0C0C-4513-A7E3-6C01183D30D5}.Debug|x86.Build.0 = Debug|Win32
		{30E7C03E-0C0C-4513-A7E3-6C01183D30D5}.Release|x64.ActiveCfg = Release|x64
		{30E7C03E-0C0C-4513-A7E3-6C01183D30D5}.Release|x64.Build.0 = Release|x64
		{30E7C03E-0C0C-4513-A7E3-6C01183D30D5}.Release|x86.ActiveCfg = Release|Win32
		{30E7C03E-0C0C-4513-A7E3-6C01183D30D5}.Release|x86.Build.0 = Release|Win32
		{7399BCFA-5985-4925-8E57-F30F0BBE3C47}.Debug|x64.ActiveCfg = Debug|x64
		{7399BCFA-5985-4925-8E57-F30F0BBE3C47}.Debug|x64.Build.0 = Debug|x64
		{7399BCFA-5985-4925-8E57-F30F0BBE3C47}.Debug|x86.ActiveCfg = Debug|Win32
		{7399BCFA-5985-4925-8E57-F30F0BBE3C47}.Debug|x86.Build.0 = Debug|Win32
		{7399BCFA-5985-4925-8E57-F30F0BBE3C47}.Release|x64.ActiveCfg = Release|x64
		{7399BCFA-5985-4925-8E57-F30F0BBE3C47}.Release|x64.Build.0 = Release|x64
		{7399BCFA-5985-4925-8E57-F30F0BBE3C47}.Release|x86.ActiveCfg = Release|Win32
		{7399BCFA-5985-4925-8E57-F30F0BBE3C47}.Release|x86.Build.0 = Release|Win32
		{A5A662D7-4FDA-40F9-B969-2EB1C8877EE0}.Debug|x64.ActiveCfg = Debug|x64
		{A5A662D7-4FDA-40F9-B969-2EB1C8877EE0}.Debug|x64.Build.0 = Debug|x64
		{A5A662D7-4FDA-40F9-B969-2EB1C8877EE0}.Debug|x86.ActiveCfg = Debug|Win32
		{A5A662D7-4FDA-40F9-B969-2EB1C8877EE0}.Debug|x86.Build.0 = Debug|Win32
		{A5A662D7-4FDA-40F9-B969-2EB1C8877EE0}.Release|x64.ActiveCfg = Release|x64
		{A5A662D7-4FDA-40F9-B969-2EB1C8877EE0}.Release|x64.Build.0 = Release|x64
		{A5A662D7-4FDA-40F9-B969-2EB1C8877EE0}.Release|x86.ActiveCfg = Release|Win32
		{A5A662D7-4FDA-40F9-B969-2EB1C8877EE0}.Release|x86.Build.0 = Release|Win32
		{AF54334A-E25C-477E-BD3E-DB0E3EF29B90}.Debug|x64.ActiveCfg = Debug|x64
		{AF54334A-E25C-477E-BD3E-DB0E3EF29B90}.Debug|x64.Build.0 = Debug|x64
		{AF54334A-E25C-477E-BD3E-DB0E3EF29B90}.Debug|x86.ActiveCfg = Debug|Win32
		{AF54334A-E25C-477E-BD3E-DB0E3EF29B90}.Debug|x86.Build.0 = Debug|Win32
		{AF54334A-E25C-477E-BD3E-DB0E3EF29B90}.Release|x64.ActiveCfg = Release|x64
		{AF54334A-E25C-477E-BD3E-DB0E3EF29B90}.Release|x64.Build.0 = Release|x64
		{AF54334A-E25C-477E-BD3E-DB0E3EF29B90}.Release|x86.ActiveCfg = Release|Win32
		{AF54334A-E25C-477E-BD3E-DB0E3EF29B90}.Release|x86.Build.0 = Release|Win32
		{48EBFC41-3DD3-457F-A6EF-63A268F6136F}.Debug|x64.ActiveCfg = Debug|x64
		{48EBFC41-3DD3-457F-A6EF-63A268F6136F}.Debug|x64.Build.0 = Debug|x64
		{48EBFC41-3DD3-457F-A6EF-63A268F6136F}.Debug|x86.ActiveCfg = Debug|Win32
		{48EBFC41-3DD3-457F-A6EF-63A268F6136F}.Debug|x86.Build.0 = Debug|Win32
		{48EBFC41-3DD3-457F-A6EF-63A268F6136F}.Release|x64.ActiveCfg = Release|x64
		{48EBFC41-3DD3-457F-A6EF-63A268F6136F}.Release|x64.Build.0 = Release|x64
		{48EBFC41-3DD3-457F-A6EF-63A268F6136F}.Release|x86.ActiveCfg = Release|Win32
		{48EBFC41-3DD3-457F-A6EF-63A268F6136F}.Release|x86.Build.0 = Release|Win32
		{2AF88222-4E69-4643-B8F0-4EDC924D8A41}.Debug|x64.ActiveCfg = Debug|x64
		{2AF88222-4E69-4643-B8F0-4EDC924D8A41}.Debug|x64.Build.0 = Debug|x64
		{2AF88222-4E69-4643-B8F0-4EDC924D8A41}.Debug|x86.ActiveCfg = Debug|Win32
		{2AF88222-4E69-4643-B8F0-4EDC924D8A41}.Debug|x86.Build.0 = Debug|Win32
		{2AF88222-4E69-4643-B8F0-4EDC924D8A41}.Release|x64.ActiveCfg = Release|x64
		{2AF88222-4E69-4643-B8F0-4EDC924D8A41}.Release|x64.Build.0 = Release|x64
		{2AF88222-4E69-4643-B8F0-4EDC924D8A41}.Release|x86.ActiveCfg = Release|Win32
		{2AF88222-4E69-4643-B8F0-4EDC924D8A41}.Release|x86.Build.0 = Release|Win32
		{EA322C72-529B-4D60-A863-0BB90A812E05}.Debug|x64.ActiveCfg = Debug|x64
		{EA322C72-529B-4D60-A863-0BB90A812E05}.Debug|x64.Build.0 = Debug|x64
		{EA322C72-529B-4D60-A863-0BB90A812E05}.Debug|x86.ActiveCfg = Debug|Win32
		{EA322C72-529B-4D60-A863-0BB90A812E05}.Debug|x86.Build.0 = Debug|Win32
		{EA322C72-529B-4D60-A863-0BB90A812E05}.Release|x64.ActiveCfg = Release|x64
		{EA322C72-529B-4D60-A863-0BB90A812E05}.Release|x64.Build.0 = Release|x64
		{EA322C72-529B-4D60-A863-0BB90A812E05}.Release|x86.ActiveCfg = Release|Win32
		{EA322C72-529B-4D60-A863-0BB90A812E05}.Release|x86.Build.0 = Release|Win32
		{617DD1C2-F80F-4848-8CEB-0FDE98FD5609}.Debug|x64.ActiveCfg = Debug|x64
		{617DD1C2-F80F-4848-8CEB-0FDE98FD5609}.Debug|x64.Build.0 = Debug|x64
		{617DD1C2-F80F-4848-8CEB-0FDE98FD5609}.Debug|x86.ActiveCfg = Debug|Win32
		{617DD1C2-F80F-4848-8CEB-0FDE98FD5609}.Debug|x86.Build.0 = Debug|Win32
		{617DD1C2-F80F-4848-8CEB-0FDE98FD5609}.Release|x64.ActiveCfg = Release|x64
		{617DD1C2-F80F-4848-8CEB-0FDE98FD5609}.Release|x64.Build.0 = Release|x64
		{617DD1C2-F80F-4848-8CEB-0FDE98FD5609}.Release|x86.ActiveCfg = Release|Win32
		{617DD1C2-F80F-4848-8CEB-0FDE98FD5609}.Release|x86.Build.0 = Release|Win32
		{1360492A-1330-4926-A206-4EC20E821E7E}.Debug|x64.ActiveCfg = Debug|x64
		{1360492A-1330-4926-A206-4EC20E821E7E}.Debug|x64.Build.0 = Debug|x64
		{1360492A-1330-4926-A206-4EC20E821E7E}.Debug|x86.ActiveCfg = Debug|Win32
		{1360492A-1330-4926-A206-4EC20E821E7E}.Debug|x86.Build.0 = Debug|Win32
		{1360492A-1330-4926-A206-4EC20E821E7E}.Release|x64.ActiveCfg = Release|x64
		{1360492A-1330-4926-A206-4EC20E821E7E}.Release|x64.Build.0 = Release|x64
		{1360492A-1330-4926-A206-4EC20E821E7E}.Release|x86.ActiveCfg = Release|Win32
		{1360492A-1330-4926-A206-4EC20E821E7E}.Release|x86.Build.0 = Release|Win32
		{5539F2C1-2252-45AA-9E48-C28C249B0716}.Debug|x64.ActiveCfg = Debug|x64
		{5539F2C1-2252-45AA-9E48-C28C249B0716}.Debug|x64.Build.0 = Debug|x64
		{5539F2C1-2252-45AA-9E48-C28C249B0716}.Debug|x86.ActiveCfg = Debug|Win32
		{5539F2C1-2252-45AA-9E48-C28C249B0716}.Debug|x86.Build.0 = Debug|Win32
		{5539F2C1-2252-45AA-9E48-C28C249B0716}.Release|x64.ActiveCfg = Release|x64
		{5539F2C1-2252-45AA-9E48-C28C249B0716}.Release|x64.Build.0 = Release|x64
		{5539F2C1-2252-45AA-9E48-C28C249B0716}.Release|x86.ActiveCfg = Release|Win32
		{5539F2C1-2252-45AA-9E48-C28C249B0716}.Release|x86.Build.0 = Release|Win32
		{37EB129E-6BBA-4F6E-9309-DFB5D7FD20D7}.Debug|x64.ActiveCfg = Debug|x64
		{37EB129E-6BBA-4F6E-9309-DFB5D7FD20D7}.Debug|x64.Build.0 = Debug|x64
		{37EB129E-6BBA-4F6E-9309-DFB5D7FD20D7}.Debug|x86.ActiveCfg = Debug|Win32
		{37EB129E-6BBA-4F6E-9309-DFB5D7FD20D7}.Debug|x86.Build.0 = Debug|Win32
		{37EB129E-6BBA-4F6E-9309-DFB5D7FD20D7}.Release|x64.ActiveCfg = Release|x64
		{37EB129E-6BBA-4F6E-9309-DFB5D7FD20D7}.Release|x64.Build.0 = Release|x64
		{37EB129E-6BBA-4F6E-9309-DFB5D7FD20D7}.Release|x86.ActiveCfg = Release|Win32
		{37EB129E-6BBA-4F6E-9309-DFB5D7FD20D7}.Release|x86.Build.0 = Release|Win32
	EndGlobalSection
	GlobalSection(SolutionProperties) = preSolution
		HideSolutionNode = FALSE
	EndGlobalSection
	GlobalSection(ExtensibilityGlobals) = postSolution
		SolutionGuid = {04359424-92A2-404F-BD66-C8AC90B4B6FA}
	EndGlobalSection
EndGlobal
