
Microsoft Visual Studio Solution File, Format Version 12.00
# Visual Studio Version 16
VisualStudioVersion = 16.0.31624.102
MinimumVisualStudioVersion = 10.0.40219.1
Project("{8BC9CEB8-8B4A-11D0-8D11-00A0C91BC942}") = "5LabRab1", "5LabRab1\5LabRab1.vcxproj", "{5E999678-39BD-4423-AACA-DB3209FBDCCF}"
EndProject
Project("{8BC9CEB8-8B4A-11D0-8D11-00A0C91BC942}") = "5LabRab2", "5LabRab2\5LabRab2.vcxproj", "{3D464D60-3997-4B8E-A8E6-331BB3B1BA58}"
EndProject
Project("{8BC9CEB8-8B4A-11D0-8D11-00A0C91BC942}") = "5LabRab31", "5LabRab3\5LabRab3.vcxproj", "{4E10CA90-90F7-4B79-B0FD-32C9B23611B1}"
EndProject
Project("{8BC9CEB8-8B4A-11D0-8D11-00A0C91BC942}") = "5LabRab32", "5LabRab32\5LabRab32.vcxproj", "{78A24B3F-0C9F-4A00-9B9A-01A71FC91746}"
EndProject
Project("{8BC9CEB8-8B4A-11D0-8D11-00A0C91BC942}") = "5LabRab33", "5LabRab33\5LabRab33.vcxproj", "{33E15D15-F26A-4A06-873E-73847A47C446}"
EndProject
Project("{8BC9CEB8-8B4A-11D0-8D11-00A0C91BC942}") = "5LabRab41", "5LabRab41\5LabRab41.vcxproj", "{66DDB7D7-EEC8-4A46-A4B5-A5B0DF581A7C}"
EndProject
Project("{8BC9CEB8-8B4A-11D0-8D11-00A0C91BC942}") = "5LabRab42", "5LabRab42\5LabRab42.vcxproj", "{847E94E7-1052-4E0C-9C3E-4A13BA98659D}"
EndProject
Project("{8BC9CEB8-8B4A-11D0-8D11-00A0C91BC942}") = "5LabRab43", "5LabRab43\5LabRab43.vcxproj", "{07A5E2AD-6AF8-454E-B81F-E5F1DC4C581A}"
EndProject
Project("{8BC9CEB8-8B4A-11D0-8D11-00A0C91BC942}") = "Sample-Test1", "Sample-Test1\Sample-Test1.vcxproj", "{1A6E7199-D8AD-479C-BFBF-3FABABAA1EB1}"
EndProject
Project("{8BC9CEB8-8B4A-11D0-8D11-00A0C91BC942}") = "Sample-Test2", "Sample-Test2\Sample-Test2.vcxproj", "{DF7BCFBB-D150-4493-8792-D489492F254D}"
EndProject
Project("{8BC9CEB8-8B4A-11D0-8D11-00A0C91BC942}") = "Sample-Test31", "Sample-Test31\Sample-Test31.vcxproj", "{0C8826A6-3C44-4AD2-925A-CCE06027673C}"
EndProject
Project("{8BC9CEB8-8B4A-11D0-8D11-00A0C91BC942}") = "Sample-Test32", "Sample-Test32\Sample-Test32.vcxproj", "{BAEEB9A3-8B38-45B8-88ED-4054457B6097}"
EndProject
Project("{8BC9CEB8-8B4A-11D0-8D11-00A0C91BC942}") = "Sample-Test33", "Sample-Test33\Sample-Test33.vcxproj", "{A07F13E3-41FB-46F1-83D5-88E632F9A2BF}"
EndProject
Project("{8BC9CEB8-8B4A-11D0-8D11-00A0C91BC942}") = "Sample-Test41", "Sample-Test41\Sample-Test41.vcxproj", "{68A09368-D55B-4E70-AF0A-7C27D5EE5592}"
EndProject
Project("{8BC9CEB8-8B4A-11D0-8D11-00A0C91BC942}") = "Sample-Test42", "Sample-Test42\Sample-Test42.vcxproj", "{45B9FCB6-4723-4FB1-958D-4ADEA071B6DA}"
EndProject
Project("{8BC9CEB8-8B4A-11D0-8D11-00A0C91BC942}") = "Sample-Test43", "Sample-Test43\Sample-Test43.vcxproj", "{8B2E7FF2-901A-4BCC-9461-D1BF205D69F9}"
EndProject
Global
	GlobalSection(SolutionConfigurationPlatforms) = preSolution
		Debug|x64 = Debug|x64
		Debug|x86 = Debug|x86
		Release|x64 = Release|x64
		Release|x86 = Release|x86
	EndGlobalSection
	GlobalSection(ProjectConfigurationPlatforms) = postSolution
		{5E999678-39BD-4423-AACA-DB3209FBDCCF}.Debug|x64.ActiveCfg = Debug|x64
		{5E999678-39BD-4423-AACA-DB3209FBDCCF}.Debug|x64.Build.0 = Debug|x64
		{5E999678-39BD-4423-AACA-DB3209FBDCCF}.Debug|x86.ActiveCfg = Debug|Win32
		{5E999678-39BD-4423-AACA-DB3209FBDCCF}.Debug|x86.Build.0 = Debug|Win32
		{5E999678-39BD-4423-AACA-DB3209FBDCCF}.Release|x64.ActiveCfg = Release|x64
		{5E999678-39BD-4423-AACA-DB3209FBDCCF}.Release|x64.Build.0 = Release|x64
		{5E999678-39BD-4423-AACA-DB3209FBDCCF}.Release|x86.ActiveCfg = Release|Win32
		{5E999678-39BD-4423-AACA-DB3209FBDCCF}.Release|x86.Build.0 = Release|Win32
		{3D464D60-3997-4B8E-A8E6-331BB3B1BA58}.Debug|x64.ActiveCfg = Debug|x64
		{3D464D60-3997-4B8E-A8E6-331BB3B1BA58}.Debug|x64.Build.0 = Debug|x64
		{3D464D60-3997-4B8E-A8E6-331BB3B1BA58}.Debug|x86.ActiveCfg = Debug|Win32
		{3D464D60-3997-4B8E-A8E6-331BB3B1BA58}.Debug|x86.Build.0 = Debug|Win32
		{3D464D60-3997-4B8E-A8E6-331BB3B1BA58}.Release|x64.ActiveCfg = Release|x64
		{3D464D60-3997-4B8E-A8E6-331BB3B1BA58}.Release|x64.Build.0 = Release|x64
		{3D464D60-3997-4B8E-A8E6-331BB3B1BA58}.Release|x86.ActiveCfg = Release|Win32
		{3D464D60-3997-4B8E-A8E6-331BB3B1BA58}.Release|x86.Build.0 = Release|Win32
		{4E10CA90-90F7-4B79-B0FD-32C9B23611B1}.Debug|x64.ActiveCfg = Debug|x64
		{4E10CA90-90F7-4B79-B0FD-32C9B23611B1}.Debug|x64.Build.0 = Debug|x64
		{4E10CA90-90F7-4B79-B0FD-32C9B23611B1}.Debug|x86.ActiveCfg = Debug|Win32
		{4E10CA90-90F7-4B79-B0FD-32C9B23611B1}.Debug|x86.Build.0 = Debug|Win32
		{4E10CA90-90F7-4B79-B0FD-32C9B23611B1}.Release|x64.ActiveCfg = Release|x64
		{4E10CA90-90F7-4B79-B0FD-32C9B23611B1}.Release|x64.Build.0 = Release|x64
		{4E10CA90-90F7-4B79-B0FD-32C9B23611B1}.Release|x86.ActiveCfg = Release|Win32
		{4E10CA90-90F7-4B79-B0FD-32C9B23611B1}.Release|x86.Build.0 = Release|Win32
		{78A24B3F-0C9F-4A00-9B9A-01A71FC91746}.Debug|x64.ActiveCfg = Debug|x64
		{78A24B3F-0C9F-4A00-9B9A-01A71FC91746}.Debug|x64.Build.0 = Debug|x64
		{78A24B3F-0C9F-4A00-9B9A-01A71FC91746}.Debug|x86.ActiveCfg = Debug|Win32
		{78A24B3F-0C9F-4A00-9B9A-01A71FC91746}.Debug|x86.Build.0 = Debug|Win32
		{78A24B3F-0C9F-4A00-9B9A-01A71FC91746}.Release|x64.ActiveCfg = Release|x64
		{78A24B3F-0C9F-4A00-9B9A-01A71FC91746}.Release|x64.Build.0 = Release|x64
		{78A24B3F-0C9F-4A00-9B9A-01A71FC91746}.Release|x86.ActiveCfg = Release|Win32
		{78A24B3F-0C9F-4A00-9B9A-01A71FC91746}.Release|x86.Build.0 = Release|Win32
		{33E15D15-F26A-4A06-873E-73847A47C446}.Debug|x64.ActiveCfg = Debug|x64
		{33E15D15-F26A-4A06-873E-73847A47C446}.Debug|x64.Build.0 = Debug|x64
		{33E15D15-F26A-4A06-873E-73847A47C446}.Debug|x86.ActiveCfg = Debug|Win32
		{33E15D15-F26A-4A06-873E-73847A47C446}.Debug|x86.Build.0 = Debug|Win32
		{33E15D15-F26A-4A06-873E-73847A47C446}.Release|x64.ActiveCfg = Release|x64
		{33E15D15-F26A-4A06-873E-73847A47C446}.Release|x64.Build.0 = Release|x64
		{33E15D15-F26A-4A06-873E-73847A47C446}.Release|x86.ActiveCfg = Release|Win32
		{33E15D15-F26A-4A06-873E-73847A47C446}.Release|x86.Build.0 = Release|Win32
		{66DDB7D7-EEC8-4A46-A4B5-A5B0DF581A7C}.Debug|x64.ActiveCfg = Debug|x64
		{66DDB7D7-EEC8-4A46-A4B5-A5B0DF581A7C}.Debug|x64.Build.0 = Debug|x64
		{66DDB7D7-EEC8-4A46-A4B5-A5B0DF581A7C}.Debug|x86.ActiveCfg = Debug|Win32
		{66DDB7D7-EEC8-4A46-A4B5-A5B0DF581A7C}.Debug|x86.Build.0 = Debug|Win32
		{66DDB7D7-EEC8-4A46-A4B5-A5B0DF581A7C}.Release|x64.ActiveCfg = Release|x64
		{66DDB7D7-EEC8-4A46-A4B5-A5B0DF581A7C}.Release|x64.Build.0 = Release|x64
		{66DDB7D7-EEC8-4A46-A4B5-A5B0DF581A7C}.Release|x86.ActiveCfg = Release|Win32
		{66DDB7D7-EEC8-4A46-A4B5-A5B0DF581A7C}.Release|x86.Build.0 = Release|Win32
		{847E94E7-1052-4E0C-9C3E-4A13BA98659D}.Debug|x64.ActiveCfg = Debug|x64
		{847E94E7-1052-4E0C-9C3E-4A13BA98659D}.Debug|x64.Build.0 = Debug|x64
		{847E94E7-1052-4E0C-9C3E-4A13BA98659D}.Debug|x86.ActiveCfg = Debug|Win32
		{847E94E7-1052-4E0C-9C3E-4A13BA98659D}.Debug|x86.Build.0 = Debug|Win32
		{847E94E7-1052-4E0C-9C3E-4A13BA98659D}.Release|x64.ActiveCfg = Release|x64
		{847E94E7-1052-4E0C-9C3E-4A13BA98659D}.Release|x64.Build.0 = Release|x64
		{847E94E7-1052-4E0C-9C3E-4A13BA98659D}.Release|x86.ActiveCfg = Release|Win32
		{847E94E7-1052-4E0C-9C3E-4A13BA98659D}.Release|x86.Build.0 = Release|Win32
		{07A5E2AD-6AF8-454E-B81F-E5F1DC4C581A}.Debug|x64.ActiveCfg = Debug|x64
		{07A5E2AD-6AF8-454E-B81F-E5F1DC4C581A}.Debug|x64.Build.0 = Debug|x64
		{07A5E2AD-6AF8-454E-B81F-E5F1DC4C581A}.Debug|x86.ActiveCfg = Debug|Win32
		{07A5E2AD-6AF8-454E-B81F-E5F1DC4C581A}.Debug|x86.Build.0 = Debug|Win32
		{07A5E2AD-6AF8-454E-B81F-E5F1DC4C581A}.Release|x64.ActiveCfg = Release|x64
		{07A5E2AD-6AF8-454E-B81F-E5F1DC4C581A}.Release|x64.Build.0 = Release|x64
		{07A5E2AD-6AF8-454E-B81F-E5F1DC4C581A}.Release|x86.ActiveCfg = Release|Win32
		{07A5E2AD-6AF8-454E-B81F-E5F1DC4C581A}.Release|x86.Build.0 = Release|Win32
		{1A6E7199-D8AD-479C-BFBF-3FABABAA1EB1}.Debug|x64.ActiveCfg = Debug|x64
		{1A6E7199-D8AD-479C-BFBF-3FABABAA1EB1}.Debug|x64.Build.0 = Debug|x64
		{1A6E7199-D8AD-479C-BFBF-3FABABAA1EB1}.Debug|x86.ActiveCfg = Debug|Win32
		{1A6E7199-D8AD-479C-BFBF-3FABABAA1EB1}.Debug|x86.Build.0 = Debug|Win32
		{1A6E7199-D8AD-479C-BFBF-3FABABAA1EB1}.Release|x64.ActiveCfg = Release|x64
		{1A6E7199-D8AD-479C-BFBF-3FABABAA1EB1}.Release|x64.Build.0 = Release|x64
		{1A6E7199-D8AD-479C-BFBF-3FABABAA1EB1}.Release|x86.ActiveCfg = Release|Win32
		{1A6E7199-D8AD-479C-BFBF-3FABABAA1EB1}.Release|x86.Build.0 = Release|Win32
		{DF7BCFBB-D150-4493-8792-D489492F254D}.Debug|x64.ActiveCfg = Debug|x64
		{DF7BCFBB-D150-4493-8792-D489492F254D}.Debug|x64.Build.0 = Debug|x64
		{DF7BCFBB-D150-4493-8792-D489492F254D}.Debug|x86.ActiveCfg = Debug|Win32
		{DF7BCFBB-D150-4493-8792-D489492F254D}.Debug|x86.Build.0 = Debug|Win32
		{DF7BCFBB-D150-4493-8792-D489492F254D}.Release|x64.ActiveCfg = Release|x64
		{DF7BCFBB-D150-4493-8792-D489492F254D}.Release|x64.Build.0 = Release|x64
		{DF7BCFBB-D150-4493-8792-D489492F254D}.Release|x86.ActiveCfg = Release|Win32
		{DF7BCFBB-D150-4493-8792-D489492F254D}.Release|x86.Build.0 = Release|Win32
		{0C8826A6-3C44-4AD2-925A-CCE06027673C}.Debug|x64.ActiveCfg = Debug|x64
		{0C8826A6-3C44-4AD2-925A-CCE06027673C}.Debug|x64.Build.0 = Debug|x64
		{0C8826A6-3C44-4AD2-925A-CCE06027673C}.Debug|x86.ActiveCfg = Debug|Win32
		{0C8826A6-3C44-4AD2-925A-CCE06027673C}.Debug|x86.Build.0 = Debug|Win32
		{0C8826A6-3C44-4AD2-925A-CCE06027673C}.Release|x64.ActiveCfg = Release|x64
		{0C8826A6-3C44-4AD2-925A-CCE06027673C}.Release|x64.Build.0 = Release|x64
		{0C8826A6-3C44-4AD2-925A-CCE06027673C}.Release|x86.ActiveCfg = Release|Win32
		{0C8826A6-3C44-4AD2-925A-CCE06027673C}.Release|x86.Build.0 = Release|Win32
		{BAEEB9A3-8B38-45B8-88ED-4054457B6097}.Debug|x64.ActiveCfg = Debug|x64
		{BAEEB9A3-8B38-45B8-88ED-4054457B6097}.Debug|x64.Build.0 = Debug|x64
		{BAEEB9A3-8B38-45B8-88ED-4054457B6097}.Debug|x86.ActiveCfg = Debug|Win32
		{BAEEB9A3-8B38-45B8-88ED-4054457B6097}.Debug|x86.Build.0 = Debug|Win32
		{BAEEB9A3-8B38-45B8-88ED-4054457B6097}.Release|x64.ActiveCfg = Release|x64
		{BAEEB9A3-8B38-45B8-88ED-4054457B6097}.Release|x64.Build.0 = Release|x64
		{BAEEB9A3-8B38-45B8-88ED-4054457B6097}.Release|x86.ActiveCfg = Release|Win32
		{BAEEB9A3-8B38-45B8-88ED-4054457B6097}.Release|x86.Build.0 = Release|Win32
		{A07F13E3-41FB-46F1-83D5-88E632F9A2BF}.Debug|x64.ActiveCfg = Debug|x64
		{A07F13E3-41FB-46F1-83D5-88E632F9A2BF}.Debug|x64.Build.0 = Debug|x64
		{A07F13E3-41FB-46F1-83D5-88E632F9A2BF}.Debug|x86.ActiveCfg = Debug|Win32
		{A07F13E3-41FB-46F1-83D5-88E632F9A2BF}.Debug|x86.Build.0 = Debug|Win32
		{A07F13E3-41FB-46F1-83D5-88E632F9A2BF}.Release|x64.ActiveCfg = Release|x64
		{A07F13E3-41FB-46F1-83D5-88E632F9A2BF}.Release|x64.Build.0 = Release|x64
		{A07F13E3-41FB-46F1-83D5-88E632F9A2BF}.Release|x86.ActiveCfg = Release|Win32
		{A07F13E3-41FB-46F1-83D5-88E632F9A2BF}.Release|x86.Build.0 = Release|Win32
		{68A09368-D55B-4E70-AF0A-7C27D5EE5592}.Debug|x64.ActiveCfg = Debug|x64
		{68A09368-D55B-4E70-AF0A-7C27D5EE5592}.Debug|x64.Build.0 = Debug|x64
		{68A09368-D55B-4E70-AF0A-7C27D5EE5592}.Debug|x86.ActiveCfg = Debug|Win32
		{68A09368-D55B-4E70-AF0A-7C27D5EE5592}.Debug|x86.Build.0 = Debug|Win32
		{68A09368-D55B-4E70-AF0A-7C27D5EE5592}.Release|x64.ActiveCfg = Release|x64
		{68A09368-D55B-4E70-AF0A-7C27D5EE5592}.Release|x64.Build.0 = Release|x64
		{68A09368-D55B-4E70-AF0A-7C27D5EE5592}.Release|x86.ActiveCfg = Release|Win32
		{68A09368-D55B-4E70-AF0A-7C27D5EE5592}.Release|x86.Build.0 = Release|Win32
		{45B9FCB6-4723-4FB1-958D-4ADEA071B6DA}.Debug|x64.ActiveCfg = Debug|x64
		{45B9FCB6-4723-4FB1-958D-4ADEA071B6DA}.Debug|x64.Build.0 = Debug|x64
		{45B9FCB6-4723-4FB1-958D-4ADEA071B6DA}.Debug|x86.ActiveCfg = Debug|Win32
		{45B9FCB6-4723-4FB1-958D-4ADEA071B6DA}.Debug|x86.Build.0 = Debug|Win32
		{45B9FCB6-4723-4FB1-958D-4ADEA071B6DA}.Release|x64.ActiveCfg = Release|x64
		{45B9FCB6-4723-4FB1-958D-4ADEA071B6DA}.Release|x64.Build.0 = Release|x64
		{45B9FCB6-4723-4FB1-958D-4ADEA071B6DA}.Release|x86.ActiveCfg = Release|Win32
		{45B9FCB6-4723-4FB1-958D-4ADEA071B6DA}.Release|x86.Build.0 = Release|Win32
		{8B2E7FF2-901A-4BCC-9461-D1BF205D69F9}.Debug|x64.ActiveCfg = Debug|x64
		{8B2E7FF2-901A-4BCC-9461-D1BF205D69F9}.Debug|x64.Build.0 = Debug|x64
		{8B2E7FF2-901A-4BCC-9461-D1BF205D69F9}.Debug|x86.ActiveCfg = Debug|Win32
		{8B2E7FF2-901A-4BCC-9461-D1BF205D69F9}.Debug|x86.Build.0 = Debug|Win32
		{8B2E7FF2-901A-4BCC-9461-D1BF205D69F9}.Release|x64.ActiveCfg = Release|x64
		{8B2E7FF2-901A-4BCC-9461-D1BF205D69F9}.Release|x64.Build.0 = Release|x64
		{8B2E7FF2-901A-4BCC-9461-D1BF205D69F9}.Release|x86.ActiveCfg = Release|Win32
		{8B2E7FF2-901A-4BCC-9461-D1BF205D69F9}.Release|x86.Build.0 = Release|Win32
	EndGlobalSection
	GlobalSection(SolutionProperties) = preSolution
		HideSolutionNode = FALSE
	EndGlobalSection
	GlobalSection(ExtensibilityGlobals) = postSolution
		SolutionGuid = {FB1495F8-512C-4CC4-A0B5-58459474FEDE}
	EndGlobalSection
EndGlobal
